
Microsoft Visual Studio Solution File, Format Version 12.00
# Visual Studio 14
VisualStudioVersion = 14.0.25420.1
MinimumVisualStudioVersion = 10.0.40219.1
Project("{FAE04EC0-301F-11D3-BF4B-00C04F79EFBC}") = "CCC.EventSourcing.BenutzerAnmeldungService", "CCC.EventSourcing.BenutzerAnmeldungService\CCC.EventSourcing.BenutzerAnmeldungService.csproj", "{59AE057A-8B36-46F1-9290-31434B8D0478}"
EndProject
Project("{FAE04EC0-301F-11D3-BF4B-00C04F79EFBC}") = "CCC.EventSourcing.Test.BenutzerAnmeldungService", "..\CCC.EventSourcing.Test.BenutzerAnmeldungService\CCC.EventSourcing.Test.BenutzerAnmeldungService.csproj", "{019BCA62-4CAB-4D70-865F-C4AEDFCC4066}"
EndProject
Project("{2150E333-8FDC-42A3-9474-1A3956D46DE8}") = "Solution Items", "Solution Items", "{59F3B916-8413-4BDD-A79A-76E145E99A34}"
	ProjectSection(SolutionItems) = preProject
		..\README.md = ..\README.md
	EndProjectSection
EndProject
Global
	GlobalSection(SolutionConfigurationPlatforms) = preSolution
		Debug|Any CPU = Debug|Any CPU
		Release|Any CPU = Release|Any CPU
	EndGlobalSection
	GlobalSection(ProjectConfigurationPlatforms) = postSolution
		{59AE057A-8B36-46F1-9290-31434B8D0478}.Debug|Any CPU.ActiveCfg = Debug|Any CPU
		{59AE057A-8B36-46F1-9290-31434B8D0478}.Debug|Any CPU.Build.0 = Debug|Any CPU
		{59AE057A-8B36-46F1-9290-31434B8D0478}.Release|Any CPU.ActiveCfg = Release|Any CPU
		{59AE057A-8B36-46F1-9290-31434B8D0478}.Release|Any CPU.Build.0 = Release|Any CPU
		{019BCA62-4CAB-4D70-865F-C4AEDFCC4066}.Debug|Any CPU.ActiveCfg = Debug|Any CPU
		{019BCA62-4CAB-4D70-865F-C4AEDFCC4066}.Debug|Any CPU.Build.0 = Debug|Any CPU
		{019BCA62-4CAB-4D70-865F-C4AEDFCC4066}.Release|Any CPU.ActiveCfg = Release|Any CPU
		{019BCA62-4CAB-4D70-865F-C4AEDFCC4066}.Release|Any CPU.Build.0 = Release|Any CPU
	EndGlobalSection
	GlobalSection(SolutionProperties) = preSolution
		HideSolutionNode = FALSE
	EndGlobalSection
EndGlobal
